{
  "object": {
    "pins": [
      {
        "package": "llama",
        "repositoryURL": "https://github.com/nbhasin2/llama.cpp.git",
        "state": {
          "branch": null,
          "revision": "e991e3127ff71a29e61fe1de5dd1cbd2e1df1858",
          "version": null
        }
      }
    ]
  },
  "version": 1
}
