{
  "object": {
    "pins": [
      {
        "package": "llama",
        "repositoryURL": "https://github.com/nbhasin2/llama.cpp.git",
        "state": {
          "branch": null,
          "revision": "df334a11251b81fd0b6a0e51e7146e0ba9e973f2",
          "version": null
        }
      }
    ]
  },
  "version": 1
}
