{
  "object": {
    "pins": [
      {
        "package": "llama",
        "repositoryURL": "https://github.com/nbhasin2/llama.cpp.git",
        "state": {
          "branch": "main",
          "revision": "59f4db10883a4f3e855cffbf2c3ab68430e95272",
          "version": null
        }
      }
    ]
  },
  "version": 1
}
