{
  "originHash" : "716caf4c509a1d31c24e61327b43b24183c829a3832bc6ede4abf87a30919fec",
  "pins" : [
    {
      "identity" : "llama.cpp",
      "kind" : "remoteSourceControl",
      "location" : "https://github.com/nbhasin2/llama.cpp.git",
      "state" : {
        "branch" : "main",
        "revision" : "59f4db10883a4f3e855cffbf2c3ab68430e95272"
      }
    }
  ],
  "version" : 3
}
